
Microsoft Visual Studio Solution File, Format Version 12.00
# Visual Studio Version 16
VisualStudioVersion = 16.0.30611.23
MinimumVisualStudioVersion = 10.0.40219.1
Project("{9A19103F-16F7-4668-BE54-9A1E7A4F7556}") = "RazorPagesProject", "RazorPagesProject\RazorPagesProject.csproj", "{A5C7EFFC-B3D3-41EC-ADC7-B88A33793A95}"
EndProject
Project("{2150E333-8FDC-42A3-9474-1A3956D46DE8}") = "Solution Items", "Solution Items", "{58B474BE-6D8D-41A9-9D9B-75747858C4B4}"
	ProjectSection(SolutionItems) = preProject
		.gitignore = .gitignore
	EndProjectSection
EndProject
Project("{FAE04EC0-301F-11D3-BF4B-00C04F79EFBC}") = "RazorPagesProject.Models", "RazorPagesProject.Models\RazorPagesProject.Models.csproj", "{0B5777A7-F6E2-4B7A-8432-5FDABEEFB1FC}"
EndProject
Project("{FAE04EC0-301F-11D3-BF4B-00C04F79EFBC}") = "RazorPagesProject.Services", "RazorPagesProject.Services\RazorPagesProject.Services.csproj", "{25D2BEA9-1388-42C1-AA32-1C4156DC7916}"
EndProject
Global
	GlobalSection(SolutionConfigurationPlatforms) = preSolution
		Debug|Any CPU = Debug|Any CPU
		Release|Any CPU = Release|Any CPU
	EndGlobalSection
	GlobalSection(ProjectConfigurationPlatforms) = postSolution
		{A5C7EFFC-B3D3-41EC-ADC7-B88A33793A95}.Debug|Any CPU.ActiveCfg = Debug|Any CPU
		{A5C7EFFC-B3D3-41EC-ADC7-B88A33793A95}.Debug|Any CPU.Build.0 = Debug|Any CPU
		{A5C7EFFC-B3D3-41EC-ADC7-B88A33793A95}.Release|Any CPU.ActiveCfg = Release|Any CPU
		{A5C7EFFC-B3D3-41EC-ADC7-B88A33793A95}.Release|Any CPU.Build.0 = Release|Any CPU
		{0B5777A7-F6E2-4B7A-8432-5FDABEEFB1FC}.Debug|Any CPU.ActiveCfg = Debug|Any CPU
		{0B5777A7-F6E2-4B7A-8432-5FDABEEFB1FC}.Debug|Any CPU.Build.0 = Debug|Any CPU
		{0B5777A7-F6E2-4B7A-8432-5FDABEEFB1FC}.Release|Any CPU.ActiveCfg = Release|Any CPU
		{0B5777A7-F6E2-4B7A-8432-5FDABEEFB1FC}.Release|Any CPU.Build.0 = Release|Any CPU
		{25D2BEA9-1388-42C1-AA32-1C4156DC7916}.Debug|Any CPU.ActiveCfg = Debug|Any CPU
		{25D2BEA9-1388-42C1-AA32-1C4156DC7916}.Debug|Any CPU.Build.0 = Debug|Any CPU
		{25D2BEA9-1388-42C1-AA32-1C4156DC7916}.Release|Any CPU.ActiveCfg = Release|Any CPU
		{25D2BEA9-1388-42C1-AA32-1C4156DC7916}.Release|Any CPU.Build.0 = Release|Any CPU
	EndGlobalSection
	GlobalSection(SolutionProperties) = preSolution
		HideSolutionNode = FALSE
	EndGlobalSection
	GlobalSection(ExtensibilityGlobals) = postSolution
		SolutionGuid = {47C7693B-4CAE-46AE-8207-7439B9D83C93}
	EndGlobalSection
EndGlobal
